
Microsoft Visual Studio Solution File, Format Version 12.00
# Visual Studio 15
VisualStudioVersion = 15.0.27130.2036
MinimumVisualStudioVersion = 10.0.40219.1
Project("{FAE04EC0-301F-11D3-BF4B-00C04F79EFBC}") = "FirstWebApp", "FirstWebApp\FirstWebApp.csproj", "{136D0572-9A9F-498B-BB9F-74768B78C27B}"
EndProject
Project("{FAE04EC0-301F-11D3-BF4B-00C04F79EFBC}") = "FirstWebApp.Tests", "FirstWebApp.Tests\FirstWebApp.Tests.csproj", "{A133E4C9-078B-4C06-868E-C8A3F81A73F7}"
EndProject
Global
	GlobalSection(SolutionConfigurationPlatforms) = preSolution
		Debug|Any CPU = Debug|Any CPU
		Release|Any CPU = Release|Any CPU
	EndGlobalSection
	GlobalSection(ProjectConfigurationPlatforms) = postSolution
		{136D0572-9A9F-498B-BB9F-74768B78C27B}.Debug|Any CPU.ActiveCfg = Debug|Any CPU
		{136D0572-9A9F-498B-BB9F-74768B78C27B}.Debug|Any CPU.Build.0 = Debug|Any CPU
		{136D0572-9A9F-498B-BB9F-74768B78C27B}.Release|Any CPU.ActiveCfg = Release|Any CPU
		{136D0572-9A9F-498B-BB9F-74768B78C27B}.Release|Any CPU.Build.0 = Release|Any CPU
		{A133E4C9-078B-4C06-868E-C8A3F81A73F7}.Debug|Any CPU.ActiveCfg = Debug|Any CPU
		{A133E4C9-078B-4C06-868E-C8A3F81A73F7}.Debug|Any CPU.Build.0 = Debug|Any CPU
		{A133E4C9-078B-4C06-868E-C8A3F81A73F7}.Release|Any CPU.ActiveCfg = Release|Any CPU
		{A133E4C9-078B-4C06-868E-C8A3F81A73F7}.Release|Any CPU.Build.0 = Release|Any CPU
	EndGlobalSection
	GlobalSection(SolutionProperties) = preSolution
		HideSolutionNode = FALSE
	EndGlobalSection
	GlobalSection(ExtensibilityGlobals) = postSolution
		SolutionGuid = {BF5591A2-C4C1-4048-9CB2-F36834419225}
	EndGlobalSection
EndGlobal
